{
  "name": "scenario-dependency-confusion",
  "version": "1.0.0",
  "lockfileVersion": 3,
  "requires": true,
  "packages": {
    "": {
      "name": "scenario-dependency-confusion",
      "version": "1.0.0",
      "dependencies": {
        "@company/internal-util": "1.0.0"
      }
    },
    "node_modules/@company/internal-util": {
      "version": "1.0.0",
      "resolved": "https://registry.npmjs.org/@company/internal-util/-/internal-util-1.0.0.tgz",
      "integrity": "sha512-AAAAAAAAAAAAAAAAAAAAAAAAAAAAAAAAAAAAAAAAAAAAAAAAAAAAAAAAAAAAAAAAAAAAAAAAAAAAAAAAAAAAAAAAAA=="
    }
  }
}
