{
  "name": "scenario-git-dep",
  "version": "1.0.0",
  "lockfileVersion": 3,
  "requires": true,
  "packages": {
    "": {
      "name": "scenario-git-dep",
      "version": "1.0.0",
      "dependencies": {
        "forked-lib": "git+https://github.com/example/forked-lib.git#abc123"
      }
    },
    "node_modules/forked-lib": {
      "version": "1.0.0",
      "resolved": "git+https://github.com/example/forked-lib.git#abc1234567890abcdef1234567890abcdef123456"
    }
  }
}
