{
  "name": "scenario-typosquat",
  "version": "1.0.0",
  "lockfileVersion": 3,
  "requires": true,
  "packages": {
    "": {
      "name": "scenario-typosquat",
      "version": "1.0.0",
      "dependencies": {
        "lodahs": "1.0.0",
        "raect": "1.0.0"
      }
    },
    "node_modules/lodahs": {
      "version": "1.0.0",
      "resolved": "https://registry.npmjs.org/lodahs/-/lodahs-1.0.0.tgz",
      "integrity": "sha512-AAAAAAAAAAAAAAAAAAAAAAAAAAAAAAAAAAAAAAAAAAAAAAAAAAAAAAAAAAAAAAAAAAAAAAAAAAAAAAAAAAAAAAAAAA=="
    },
    "node_modules/raect": {
      "version": "1.0.0",
      "resolved": "https://registry.npmjs.org/raect/-/raect-1.0.0.tgz",
      "integrity": "sha512-AAAAAAAAAAAAAAAAAAAAAAAAAAAAAAAAAAAAAAAAAAAAAAAAAAAAAAAAAAAAAAAAAAAAAAAAAAAAAAAAAAAAAAAAAA=="
    }
  }
}
