{
  "name": "scenario-install-scripts-ignored",
  "version": "1.0.0",
  "lockfileVersion": 3,
  "requires": true,
  "packages": {
    "": {
      "name": "scenario-install-scripts-ignored",
      "version": "1.0.0",
      "dependencies": {
        "evil-postinstall": "1.0.0"
      }
    },
    "node_modules/evil-postinstall": {
      "version": "1.0.0",
      "resolved": "https://registry.npmjs.org/evil-postinstall/-/evil-postinstall-1.0.0.tgz",
      "integrity": "sha512-AAAAAAAAAAAAAAAAAAAAAAAAAAAAAAAAAAAAAAAAAAAAAAAAAAAAAAAAAAAAAAAAAAAAAAAAAAAAAAAAAAAAAAAAAA==",
      "hasInstallScript": true
    }
  }
}
